PODS:
  - Flutter (1.0.0)
  - flutter_audio_streaming (0.0.1):
    - Flutter
    - HaishinKit (~> 1.1.5)
  - HaishinKit (1.1.5):
    - Logboard (~> 2.2.1)
  - Logboard (2.2.2)
  - path_provider_foundation (0.0.1):
    - Flutter
    - FlutterMacOS

DEPENDENCIES:
  - Flutter (from `Flutter`)
  - flutter_audio_streaming (from `.symlinks/plugins/flutter_audio_streaming/ios`)
  - path_provider_foundation (from `.symlinks/plugins/path_provider_foundation/darwin`)

SPEC REPOS:
  trunk:
    - HaishinKit
    - Logboard

EXTERNAL SOURCES:
  Flutter:
    :path: Flutter
  flutter_audio_streaming:
    :path: ".symlinks/plugins/flutter_audio_streaming/ios"
  path_provider_foundation:
    :path: ".symlinks/plugins/path_provider_foundation/darwin"

SPEC CHECKSUMS:
  Flutter: cabc95a1d2626b1b06e7179b784ebcf0c0cde467
  flutter_audio_streaming: 038a2a75f6c8cd18fbfa62465d9de6ca537afd27
  HaishinKit: 5cf385a823dee6b299404877edf418974422bf9f
  Logboard: 0ab6bbd984ed032b3f0b615cef06779a73445c80
  path_provider_foundation: 2a68637f8a62df7f6e790a428d1bdf72cb4e2d59

PODFILE CHECKSUM: 7368163408c647b7eb699d0d788ba6718e18fb8d

COCOAPODS: 1.16.2
