PODS:
  - Flutter (1.0.0)
  - flutter_audio_streaming (0.0.1):
    - Flutter
    - HaishinKit (~> 1.1.5)
  - HaishinKit (1.1.5):
    - Logboard (~> 2.2.1)
  - Logboard (2.2.2)

DEPENDENCIES:
  - Flutter (from `Flutter`)
  - flutter_audio_streaming (from `.symlinks/plugins/flutter_audio_streaming/ios`)

SPEC REPOS:
  trunk:
    - HaishinKit
    - Logboard

EXTERNAL SOURCES:
  Flutter:
    :path: Flutter
  flutter_audio_streaming:
    :path: ".symlinks/plugins/flutter_audio_streaming/ios"

SPEC CHECKSUMS:
  Flutter: 434fef37c0980e73bb6479ef766c45957d4b510c
  flutter_audio_streaming: 28445209adc7f0d9a1e38e42117452161bce53cd
  HaishinKit: 5cf385a823dee6b299404877edf418974422bf9f
  Logboard: 0ab6bbd984ed032b3f0b615cef06779a73445c80

PODFILE CHECKSUM: 7368163408c647b7eb699d0d788ba6718e18fb8d

COCOAPODS: 1.10.1
